
Microsoft Visual Studio Solution File, Format Version 12.00
# Visual Studio 14
VisualStudioVersion = 14.0.25123.0
MinimumVisualStudioVersion = 10.0.40219.1
Project("{FAE04EC0-301F-11D3-BF4B-00C04F79EFBC}") = "AutoDriveAPI", "AutoDriveAPI\AutoDriveAPI.csproj", "{5B7EC6F1-8A4A-4E90-B212-7B31AF245262}"
EndProject
Project("{FAE04EC0-301F-11D3-BF4B-00C04F79EFBC}") = "AutoDriveAPI.Tests", "AutoDriveAPI.Tests\AutoDriveAPI.Tests.csproj", "{C1707C4A-19B3-4E88-922A-400493F8D6C0}"
EndProject
Project("{FAE04EC0-301F-11D3-BF4B-00C04F79EFBC}") = "AutoDriveDataModel", "AutoDriveDataModel\AutoDriveDataModel.csproj", "{90E81E13-19F4-412B-A369-72E65EE32775}"
EndProject
Project("{FAE04EC0-301F-11D3-BF4B-00C04F79EFBC}") = "AutoDriveIoc", "AutoDriveIoc\AutoDriveIoc.csproj", "{FE22DFDC-DBF8-4EA6-B675-62A7A11F1905}"
EndProject
Project("{FAE04EC0-301F-11D3-BF4B-00C04F79EFBC}") = "AutoDriveServices", "AutoDriveServices\AutoDriveServices.csproj", "{AB0A7F72-F27B-4DCD-B3BA-48EC89A83C71}"
EndProject
Project("{FAE04EC0-301F-11D3-BF4B-00C04F79EFBC}") = "AutoDriveEntities", "AutoDriveEntities\AutoDriveEntities.csproj", "{99B7ABB9-D3F1-4E4A-B09A-69CDAD839D5F}"
EndProject
Global
	GlobalSection(SolutionConfigurationPlatforms) = preSolution
		Debug|Any CPU = Debug|Any CPU
		Release|Any CPU = Release|Any CPU
	EndGlobalSection
	GlobalSection(ProjectConfigurationPlatforms) = postSolution
		{5B7EC6F1-8A4A-4E90-B212-7B31AF245262}.Debug|Any CPU.ActiveCfg = Debug|Any CPU
		{5B7EC6F1-8A4A-4E90-B212-7B31AF245262}.Debug|Any CPU.Build.0 = Debug|Any CPU
		{5B7EC6F1-8A4A-4E90-B212-7B31AF245262}.Release|Any CPU.ActiveCfg = Release|Any CPU
		{5B7EC6F1-8A4A-4E90-B212-7B31AF245262}.Release|Any CPU.Build.0 = Release|Any CPU
		{C1707C4A-19B3-4E88-922A-400493F8D6C0}.Debug|Any CPU.ActiveCfg = Debug|Any CPU
		{C1707C4A-19B3-4E88-922A-400493F8D6C0}.Debug|Any CPU.Build.0 = Debug|Any CPU
		{C1707C4A-19B3-4E88-922A-400493F8D6C0}.Release|Any CPU.ActiveCfg = Release|Any CPU
		{C1707C4A-19B3-4E88-922A-400493F8D6C0}.Release|Any CPU.Build.0 = Release|Any CPU
		{90E81E13-19F4-412B-A369-72E65EE32775}.Debug|Any CPU.ActiveCfg = Debug|Any CPU
		{90E81E13-19F4-412B-A369-72E65EE32775}.Debug|Any CPU.Build.0 = Debug|Any CPU
		{90E81E13-19F4-412B-A369-72E65EE32775}.Release|Any CPU.ActiveCfg = Release|Any CPU
		{90E81E13-19F4-412B-A369-72E65EE32775}.Release|Any CPU.Build.0 = Release|Any CPU
		{FE22DFDC-DBF8-4EA6-B675-62A7A11F1905}.Debug|Any CPU.ActiveCfg = Debug|Any CPU
		{FE22DFDC-DBF8-4EA6-B675-62A7A11F1905}.Debug|Any CPU.Build.0 = Debug|Any CPU
		{FE22DFDC-DBF8-4EA6-B675-62A7A11F1905}.Release|Any CPU.ActiveCfg = Release|Any CPU
		{FE22DFDC-DBF8-4EA6-B675-62A7A11F1905}.Release|Any CPU.Build.0 = Release|Any CPU
		{AB0A7F72-F27B-4DCD-B3BA-48EC89A83C71}.Debug|Any CPU.ActiveCfg = Debug|Any CPU
		{AB0A7F72-F27B-4DCD-B3BA-48EC89A83C71}.Debug|Any CPU.Build.0 = Debug|Any CPU
		{AB0A7F72-F27B-4DCD-B3BA-48EC89A83C71}.Release|Any CPU.ActiveCfg = Release|Any CPU
		{AB0A7F72-F27B-4DCD-B3BA-48EC89A83C71}.Release|Any CPU.Build.0 = Release|Any CPU
		{99B7ABB9-D3F1-4E4A-B09A-69CDAD839D5F}.Debug|Any CPU.ActiveCfg = Debug|Any CPU
		{99B7ABB9-D3F1-4E4A-B09A-69CDAD839D5F}.Debug|Any CPU.Build.0 = Debug|Any CPU
		{99B7ABB9-D3F1-4E4A-B09A-69CDAD839D5F}.Release|Any CPU.ActiveCfg = Release|Any CPU
		{99B7ABB9-D3F1-4E4A-B09A-69CDAD839D5F}.Release|Any CPU.Build.0 = Release|Any CPU
	EndGlobalSection
	GlobalSection(SolutionProperties) = preSolution
		HideSolutionNode = FALSE
	EndGlobalSection
EndGlobal
